// !$*UTF8*$!
{
	archiveVersion = 1;
	classes = {
	};
	objectVersion = 50;
	objects = {

/* Begin PBXBuildFile section */
		3623BDFD20EAFD28003F8BA6 /* AppDelegate.swift in Sources */ = {isa = PBXBuildFile; fileRef = 3623BDFC20EAFD28003F8BA6 /* AppDelegate.swift */; };
		3623BDFF20EAFD28003F8BA6 /* ViewController.swift in Sources */ = {isa = PBXBuildFile; fileRef = 3623BDFE20EAFD28003F8BA6 /* ViewController.swift */; };
		3623BE0220EAFD28003F8BA6 /* Main.storyboard in Resources */ = {isa = PBXBuildFile; fileRef = 3623BE0020EAFD28003F8BA6 /* Main.storyboard */; };
		3623BE0420EAFD29003F8BA6 /* Assets.xcassets in Resources */ = {isa = PBXBuildFile; fileRef = 3623BE0320EAFD29003F8BA6 /* Assets.xcassets */; };
		3623BE0720EAFD29003F8BA6 /* LaunchScreen.storyboard in Resources */ = {isa = PBXBuildFile; fileRef = 3623BE0520EAFD29003F8BA6 /* LaunchScreen.storyboard */; };
		3623BE1220EAFD29003F8BA6 /* Calculator_timeTests.swift in Sources */ = {isa = PBXBuildFile; fileRef = 3623BE1120EAFD29003F8BA6 /* Calculator_timeTests.swift */; };
		3623BE1D20EAFD29003F8BA6 /* Calculator_timeUITests.swift in Sources */ = {isa = PBXBuildFile; fileRef = 3623BE1C20EAFD29003F8BA6 /* Calculator_timeUITests.swift */; };
/* End PBXBuildFile section */

/* Begin PBXContainerItemProxy section */
		3623BE0E20EAFD29003F8BA6 /* PBXContainerItemProxy */ = {
			isa = PBXContainerItemProxy;
			containerPortal = 3623BDF120EAFD28003F8BA6 /* Project object */;
			proxyType = 1;
			remoteGlobalIDString = 3623BDF820EAFD28003F8BA6;
			remoteInfo = "Calculator time";
		};
		3623BE1920EAFD29003F8BA6 /* PBXContainerItemProxy */ = {
			isa = PBXContainerItemProxy;
			containerPortal = 3623BDF120EAFD28003F8BA6 /* Project object */;
			proxyType = 1;
			remoteGlobalIDString = 3623BDF820EAFD28003F8BA6;
			remoteInfo = "Calculator time";
		};
/* End PBXContainerItemProxy section */

/* Begin PBXFileReference section */
		3623BDF920EAFD28003F8BA6 /* Calculator time.app */ = {isa = PBXFileReference; explicitFileType = wrapper.application; includeInIndex = 0; path = "Calculator time.app"; sourceTree = BUILT_PRODUCTS_DIR; };
		3623BDFC20EAFD28003F8BA6 /* AppDelegate.swift */ = {isa = PBXFileReference; lastKnownFileType = sourcecode.swift; path = AppDelegate.swift; sourceTree = "<group>"; };
		3623BDFE20EAFD28003F8BA6 /* ViewController.swift */ = {isa = PBXFileReference; lastKnownFileType = sourcecode.swift; path = ViewController.swift; sourceTree = "<group>"; };
		3623BE0120EAFD28003F8BA6 /* Base */ = {isa = PBXFileReference; lastKnownFileType = file.storyboard; name = Base; path = Base.lproj/Main.storyboard; sourceTree = "<group>"; };
		3623BE0320EAFD29003F8BA6 /* Assets.xcassets */ = {isa = PBXFileReference; lastKnownFileType = folder.assetcatalog; path = Assets.xcassets; sourceTree = "<group>"; };
		3623BE0620EAFD29003F8BA6 /* Base */ = {isa = PBXFileReference; lastKnownFileType = file.storyboard; name = Base; path = Base.lproj/LaunchScreen.storyboard; sourceTree = "<group>"; };
		3623BE0820EAFD29003F8BA6 /* Info.plist */ = {isa = PBXFileReference; lastKnownFileType = text.plist.xml; path = Info.plist; sourceTree = "<group>"; };
		3623BE0D20EAFD29003F8BA6 /* Calculator timeTests.xctest */ = {isa = PBXFileReference; explicitFileType = wrapper.cfbundle; includeInIndex = 0; path = "Calculator timeTests.xctest"; sourceTree = BUILT_PRODUCTS_DIR; };
		3623BE1120EAFD29003F8BA6 /* Calculator_timeTests.swift */ = {isa = PBXFileReference; lastKnownFileType = sourcecode.swift; path = Calculator_timeTests.swift; sourceTree = "<group>"; };
		3623BE1320EAFD29003F8BA6 /* Info.plist */ = {isa = PBXFileReference; lastKnownFileType = text.plist.xml; path = Info.plist; sourceTree = "<group>"; };
		3623BE1820EAFD29003F8BA6 /* Calculator timeUITests.xctest */ = {isa = PBXFileReference; explicitFileType = wrapper.cfbundle; includeInIndex = 0; path = "Calculator timeUITests.xctest"; sourceTree = BUILT_PRODUCTS_DIR; };
		3623BE1C20EAFD29003F8BA6 /* Calculator_timeUITests.swift */ = {isa = PBXFileReference; lastKnownFileType = sourcecode.swift; path = Calculator_timeUITests.swift; sourceTree = "<group>"; };
		3623BE1E20EAFD29003F8BA6 /* Info.plist */ = {isa = PBXFileReference; lastKnownFileType = text.plist.xml; path = Info.plist; sourceTree = "<group>"; };
/* End PBXFileReference section */

/* Begin PBXFrameworksBuildPhase section */
		3623BDF620EAFD28003F8BA6 /* Frameworks */ = {
			isa = PBXFrameworksBuildPhase;
			buildActionMask = 2147483647;
			files = (
			);
			runOnlyForDeploymentPostprocessing = 0;
		};
		3623BE0A20EAFD29003F8BA6 /* Frameworks */ = {
			isa = PBXFrameworksBuildPhase;
			buildActionMask = 2147483647;
			files = (
			);
			runOnlyForDeploymentPostprocessing = 0;
		};
		3623BE1520EAFD29003F8BA6 /* Frameworks */ = {
			isa = PBXFrameworksBuildPhase;
			buildActionMask = 2147483647;
			files = (
			);
			runOnlyForDeploymentPostprocessing = 0;
		};
/* End PBXFrameworksBuildPhase section */

/* Begin PBXGroup section */
		3623BDF020EAFD28003F8BA6 = {
			isa = PBXGroup;
			children = (
				3623BDFB20EAFD28003F8BA6 /* Calculator time */,
				3623BE1020EAFD29003F8BA6 /* Calculator timeTests */,
				3623BE1B20EAFD29003F8BA6 /* Calculator timeUITests */,
				3623BDFA20EAFD28003F8BA6 /* Products */,
			);
			sourceTree = "<group>";
		};
		3623BDFA20EAFD28003F8BA6 /* Products */ = {
			isa = PBXGroup;
			children = (
				3623BDF920EAFD28003F8BA6 /* Calculator time.app */,
				3623BE0D20EAFD29003F8BA6 /* Calculator timeTests.xctest */,
				3623BE1820EAFD29003F8BA6 /* Calculator timeUITests.xctest */,
			);
			name = Products;
			sourceTree = "<group>";
		};
		3623BDFB20EAFD28003F8BA6 /* Calculator time */ = {
			isa = PBXGroup;
			children = (
				3623BDFC20EAFD28003F8BA6 /* AppDelegate.swift */,
				3623BDFE20EAFD28003F8BA6 /* ViewController.swift */,
				3623BE0020EAFD28003F8BA6 /* Main.storyboard */,
				3623BE0320EAFD29003F8BA6 /* Assets.xcassets */,
				3623BE0520EAFD29003F8BA6 /* LaunchScreen.storyboard */,
				3623BE0820EAFD29003F8BA6 /* Info.plist */,
			);
			path = "Calculator time";
			sourceTree = "<group>";
		};
		3623BE1020EAFD29003F8BA6 /* Calculator timeTests */ = {
			isa = PBXGroup;
			children = (
				3623BE1120EAFD29003F8BA6 /* Calculator_timeTests.swift */,
				3623BE1320EAFD29003F8BA6 /* Info.plist */,
			);
			path = "Calculator timeTests";
			sourceTree = "<group>";
		};
		3623BE1B20EAFD29003F8BA6 /* Calculator timeUITests */ = {
			isa = PBXGroup;
			children = (
				3623BE1C20EAFD29003F8BA6 /* Calculator_timeUITests.swift */,
				3623BE1E20EAFD29003F8BA6 /* Info.plist */,
			);
			path = "Calculator timeUITests";
			sourceTree = "<group>";
		};
/* End PBXGroup section */

/* Begin PBXNativeTarget section */
		3623BDF820EAFD28003F8BA6 /* Calculator time */ = {
			isa = PBXNativeTarget;
			buildConfigurationList = 3623BE2120EAFD29003F8BA6 /* Build configuration list for PBXNativeTarget "Calculator time" */;
			buildPhases = (
				3623BDF520EAFD28003F8BA6 /* Sources */,
				3623BDF620EAFD28003F8BA6 /* Frameworks */,
				3623BDF720EAFD28003F8BA6 /* Resources */,
			);
			buildRules = (
			);
			dependencies = (
			);
			name = "Calculator time";
			productName = "Calculator time";
			productReference = 3623BDF920EAFD28003F8BA6 /* Calculator time.app */;
			productType = "com.apple.product-type.application";
		};
		3623BE0C20EAFD29003F8BA6 /* Calculator timeTests */ = {
			isa = PBXNativeTarget;
			buildConfigurationList = 3623BE2420EAFD29003F8BA6 /* Build configuration list for PBXNativeTarget "Calculator timeTests" */;
			buildPhases = (
				3623BE0920EAFD29003F8BA6 /* Sources */,
				3623BE0A20EAFD29003F8BA6 /* Frameworks */,
				3623BE0B20EAFD29003F8BA6 /* Resources */,
			);
			buildRules = (
			);
			dependencies = (
				3623BE0F20EAFD29003F8BA6 /* PBXTargetDependency */,
			);
			name = "Calculator timeTests";
			productName = "Calculator timeTests";
			productReference = 3623BE0D20EAFD29003F8BA6 /* Calculator timeTests.xctest */;
			productType = "com.apple.product-type.bundle.unit-test";
		};
		3623BE1720EAFD29003F8BA6 /* Calculator timeUITests */ = {
			isa = PBXNativeTarget;
			buildConfigurationList = 3623BE2720EAFD29003F8BA6 /* Build configuration list for PBXNativeTarget "Calculator timeUITests" */;
			buildPhases = (
				3623BE1420EAFD29003F8BA6 /* Sources */,
				3623BE1520EAFD29003F8BA6 /* Frameworks */,
				3623BE1620EAFD29003F8BA6 /* Resources */,
			);
			buildRules = (
			);
			dependencies = (
				3623BE1A20EAFD29003F8BA6 /* PBXTargetDependency */,
			);
			name = "Calculator timeUITests";
			productName = "Calculator timeUITests";
			productReference = 3623BE1820EAFD29003F8BA6 /* Calculator timeUITests.xctest */;
			productType = "com.apple.product-type.bundle.ui-testing";
		};
/* End PBXNativeTarget section */

/* Begin PBXProject section */
		3623BDF120EAFD28003F8BA6 /* Project object */ = {
			isa = PBXProject;
			attributes = {
				LastSwiftUpdateCheck = 0940;
				LastUpgradeCheck = 0940;
				ORGANIZATIONNAME = CNavs.;
				TargetAttributes = {
					3623BDF820EAFD28003F8BA6 = {
						CreatedOnToolsVersion = 9.4.1;
					};
					3623BE0C20EAFD29003F8BA6 = {
						CreatedOnToolsVersion = 9.4.1;
						TestTargetID = 3623BDF820EAFD28003F8BA6;
					};
					3623BE1720EAFD29003F8BA6 = {
						CreatedOnToolsVersion = 9.4.1;
						TestTargetID = 3623BDF820EAFD28003F8BA6;
					};
				};
			};
			buildConfigurationList = 3623BDF420EAFD28003F8BA6 /* Build configuration list for PBXProject "Calculator time" */;
			compatibilityVersion = "Xcode 9.3";
			developmentRegion = en;
			hasScannedForEncodings = 0;
			knownRegions = (
				en,
				Base,
			);
			mainGroup = 3623BDF020EAFD28003F8BA6;
			productRefGroup = 3623BDFA20EAFD28003F8BA6 /* Products */;
			projectDirPath = "";
			projectRoot = "";
			targets = (
				3623BDF820EAFD28003F8BA6 /* Calculator time */,
				3623BE0C20EAFD29003F8BA6 /* Calculator timeTests */,
				3623BE1720EAFD29003F8BA6 /* Calculator timeUITests */,
			);
		};
/* End PBXProject section */

/* Begin PBXResourcesBuildPhase section */
		3623BDF720EAFD28003F8BA6 /* Resources */ = {
			isa = PBXResourcesBuildPhase;
			buildActionMask = 2147483647;
			files = (
				3623BE0720EAFD29003F8BA6 /* LaunchScreen.storyboard in Resources */,
				3623BE0420EAFD29003F8BA6 /* Assets.xcassets in Resources */,
				3623BE0220EAFD28003F8BA6 /* Main.storyboard in Resources */,
			);
			runOnlyForDeploymentPostprocessing = 0;
		};
		3623BE0B20EAFD29003F8BA6 /* Resources */ = {
			isa = PBXResourcesBuildPhase;
			buildActionMask = 2147483647;
			files = (
			);
			runOnlyForDeploymentPostprocessing = 0;
		};
		3623BE1620EAFD29003F8BA6 /* Resources */ = {
			isa = PBXResourcesBuildPhase;
			buildActionMask = 2147483647;
			files = (
			);
			runOnlyForDeploymentPostprocessing = 0;
		};
/* End PBXResourcesBuildPhase section */

/* Begin PBXSourcesBuildPhase section */
		3623BDF520EAFD28003F8BA6 /* Sources */ = {
			isa = PBXSourcesBuildPhase;
			buildActionMask = 2147483647;
			files = (
				3623BDFF20EAFD28003F8BA6 /* ViewController.swift in Sources */,
				3623BDFD20EAFD28003F8BA6 /* AppDelegate.swift in Sources */,
			);
			runOnlyForDeploymentPostprocessing = 0;
		};
		3623BE0920EAFD29003F8BA6 /* Sources */ = {
			isa = PBXSourcesBuildPhase;
			buildActionMask = 2147483647;
			files = (
				3623BE1220EAFD29003F8BA6 /* Calculator_timeTests.swift in Sources */,
			);
			runOnlyForDeploymentPostprocessing = 0;
		};
		3623BE1420EAFD29003F8BA6 /* Sources */ = {
			isa = PBXSourcesBuildPhase;
			buildActionMask = 2147483647;
			files = (
				3623BE1D20EAFD29003F8BA6 /* Calculator_timeUITests.swift in Sources */,
			);
			runOnlyForDeploymentPostprocessing = 0;
		};
/* End PBXSourcesBuildPhase section */

/* Begin PBXTargetDependency section */
		3623BE0F20EAFD29003F8BA6 /* PBXTargetDependency */ = {
			isa = PBXTargetDependency;
			target = 3623BDF820EAFD28003F8BA6 /* Calculator time */;
			targetProxy = 3623BE0E20EAFD29003F8BA6 /* PBXContainerItemProxy */;
		};
		3623BE1A20EAFD29003F8BA6 /* PBXTargetDependency */ = {
			isa = PBXTargetDependency;
			target = 3623BDF820EAFD28003F8BA6 /* Calculator time */;
			targetProxy = 3623BE1920EAFD29003F8BA6 /* PBXContainerItemProxy */;
		};
/* End PBXTargetDependency section */

/* Begin PBXVariantGroup section */
		3623BE0020EAFD28003F8BA6 /* Main.storyboard */ = {
			isa = PBXVariantGroup;
			children = (
				3623BE0120EAFD28003F8BA6 /* Base */,
			);
			name = Main.storyboard;
			sourceTree = "<group>";
		};
		3623BE0520EAFD29003F8BA6 /* LaunchScreen.storyboard */ = {
			isa = PBXVariantGroup;
			children = (
				3623BE0620EAFD29003F8BA6 /* Base */,
			);
			name = LaunchScreen.storyboard;
			sourceTree = "<group>";
		};
/* End PBXVariantGroup section */

/* Begin XCBuildConfiguration section */
		3623BE1F20EAFD29003F8BA6 /* Debug */ = {
			isa = XCBuildConfiguration;
			buildSettings = {
				ALWAYS_SEARCH_USER_PATHS = NO;
				CLANG_ANALYZER_NONNULL = YES;
				CLANG_ANALYZER_NUMBER_OBJECT_CONVERSION = YES_AGGRESSIVE;
				CLANG_CXX_LANGUAGE_STANDARD = "gnu++14";
				CLANG_CXX_LIBRARY = "libc++";
				CLANG_ENABLE_MODULES = YES;
				CLANG_ENABLE_OBJC_ARC = YES;
				CLANG_ENABLE_OBJC_WEAK = YES;
				CLANG_WARN_BLOCK_CAPTURE_AUTORELEASING = YES;
				CLANG_WARN_BOOL_CONVERSION = YES;
				CLANG_WARN_COMMA = YES;
				CLANG_WARN_CONSTANT_CONVERSION = YES;
				CLANG_WARN_DEPRECATED_OBJC_IMPLEMENTATIONS = YES;
				CLANG_WARN_DIRECT_OBJC_ISA_USAGE = YES_ERROR;
				CLANG_WARN_DOCUMENTATION_COMMENTS = YES;
				CLANG_WARN_EMPTY_BODY = YES;
				CLANG_WARN_ENUM_CONVERSION = YES;
				CLANG_WARN_INFINITE_RECURSION = YES;
				CLANG_WARN_INT_CONVERSION = YES;
				CLANG_WARN_NON_LITERAL_NULL_CONVERSION = YES;
				CLANG_WARN_OBJC_IMPLICIT_RETAIN_SELF = YES;
				CLANG_WARN_OBJC_LITERAL_CONVERSION = YES;
				CLANG_WARN_OBJC_ROOT_CLASS = YES_ERROR;
				CLANG_WARN_RANGE_LOOP_ANALYSIS = YES;
				CLANG_WARN_STRICT_PROTOTYPES = YES;
				CLANG_WARN_SUSPICIOUS_MOVE = YES;
				CLANG_WARN_UNGUARDED_AVAILABILITY = YES_AGGRESSIVE;
				CLANG_WARN_UNREACHABLE_CODE = YES;
				CLANG_WARN__DUPLICATE_METHOD_MATCH = YES;
				CODE_SIGN_IDENTITY = "iPhone Developer";
				COPY_PHASE_STRIP = NO;
				DEBUG_INFORMATION_FORMAT = dwarf;
				ENABLE_STRICT_OBJC_MSGSEND = YES;
				ENABLE_TESTABILITY = YES;
				GCC_C_LANGUAGE_STANDARD = gnu11;
				GCC_DYNAMIC_NO_PIC = NO;
				GCC_NO_COMMON_BLOCKS = YES;
				GCC_OPTIMIZATION_LEVEL = 0;
				GCC_PREPROCESSOR_DEFINITIONS = (
					"DEBUG=1",
					"$(inherited)",
				);
				GCC_WARN_64_TO_32_BIT_CONVERSION = YES;
				GCC_WARN_ABOUT_RETURN_TYPE = YES_ERROR;
				GCC_WARN_UNDECLARED_SELECTOR = YES;
				GCC_WARN_UNINITIALIZED_AUTOS = YES_AGGRESSIVE;
				GCC_WARN_UNUSED_FUNCTION = YES;
				GCC_WARN_UNUSED_VARIABLE = YES;
				IPHONEOS_DEPLOYMENT_TARGET = 11.4;
				MTL_ENABLE_DEBUG_INFO = YES;
				ONLY_ACTIVE_ARCH = YES;
				SDKROOT = iphoneos;
				SWIFT_ACTIVE_COMPILATION_CONDITIONS = DEBUG;
				SWIFT_OPTIMIZATION_LEVEL = "-Onone";
			};
			name = Debug;
		};
		3623BE2020EAFD29003F8BA6 /* Release */ = {
			isa = XCBuildConfiguration;
			buildSettings = {
				ALWAYS_SEARCH_USER_PATHS = NO;
				CLANG_ANALYZER_NONNULL = YES;
				CLANG_ANALYZER_NUMBER_OBJECT_CONVERSION = YES_AGGRESSIVE;
				CLANG_CXX_LANGUAGE_STANDARD = "gnu++14";
				CLANG_CXX_LIBRARY = "libc++";
				CLANG_ENABLE_MODULES = YES;
				CLANG_ENABLE_OBJC_ARC = YES;
				CLANG_ENABLE_OBJC_WEAK = YES;
				CLANG_WARN_BLOCK_CAPTURE_AUTORELEASING = YES;
				CLANG_WARN_BOOL_CONVERSION = YES;
				CLANG_WARN_COMMA = YES;
				CLANG_WARN_CONSTANT_CONVERSION = YES;
				CLANG_WARN_DEPRECATED_OBJC_IMPLEMENTATIONS = YES;
				CLANG_WARN_DIRECT_OBJC_ISA_USAGE = YES_ERROR;
				CLANG_WARN_DOCUMENTATION_COMMENTS = YES;
				CLANG_WARN_EMPTY_BODY = YES;
				CLANG_WARN_ENUM_CONVERSION = YES;
				CLANG_WARN_INFINITE_RECURSION = YES;
				CLANG_WARN_INT_CONVERSION = YES;
				CLANG_WARN_NON_LITERAL_NULL_CONVERSION = YES;
				CLANG_WARN_OBJC_IMPLICIT_RETAIN_SELF = YES;
				CLANG_WARN_OBJC_LITERAL_CONVERSION = YES;
				CLANG_WARN_OBJC_ROOT_CLASS = YES_ERROR;
				CLANG_WARN_RANGE_LOOP_ANALYSIS = YES;
				CLANG_WARN_STRICT_PROTOTYPES = YES;
				CLANG_WARN_SUSPICIOUS_MOVE = YES;
				CLANG_WARN_UNGUARDED_AVAILABILITY = YES_AGGRESSIVE;
				CLANG_WARN_UNREACHABLE_CODE = YES;
				CLANG_WARN__DUPLICATE_METHOD_MATCH = YES;
				CODE_SIGN_IDENTITY = "iPhone Developer";
				COPY_PHASE_STRIP = NO;
				DEBUG_INFORMATION_FORMAT = "dwarf-with-dsym";
				ENABLE_NS_ASSERTIONS = NO;
				ENABLE_STRICT_OBJC_MSGSEND = YES;
				GCC_C_LANGUAGE_STANDARD = gnu11;
				GCC_NO_COMMON_BLOCKS = YES;
				GCC_WARN_64_TO_32_BIT_CONVERSION = YES;
				GCC_WARN_ABOUT_RETURN_TYPE = YES_ERROR;
				GCC_WARN_UNDECLARED_SELECTOR = YES;
				GCC_WARN_UNINITIALIZED_AUTOS = YES_AGGRESSIVE;
				GCC_WARN_UNUSED_FUNCTION = YES;
				GCC_WARN_UNUSED_VARIABLE = YES;
				IPHONEOS_DEPLOYMENT_TARGET = 11.4;
				MTL_ENABLE_DEBUG_INFO = NO;
				SDKROOT = iphoneos;
				SWIFT_COMPILATION_MODE = wholemodule;
				SWIFT_OPTIMIZATION_LEVEL = "-O";
				VALIDATE_PRODUCT = YES;
			};
			name = Release;
		};
		3623BE2220EAFD29003F8BA6 /* Debug */ = {
			isa = XCBuildConfiguration;
			buildSettings = {
				ASSETCATALOG_COMPILER_APPICON_NAME = AppIcon;
				CODE_SIGN_STYLE = Automatic;
				INFOPLIST_FILE = "Calculator time/Info.plist";
				LD_RUNPATH_SEARCH_PATHS = (
					"$(inherited)",
					"@executable_path/Frameworks",
				);
				PRODUCT_BUNDLE_IDENTIFIER = "yeah.Calculator-time";
				PRODUCT_NAME = "$(TARGET_NAME)";
				SWIFT_VERSION = 4.0;
				TARGETED_DEVICE_FAMILY = "1,2";
			};
			name = Debug;
		};
		3623BE2320EAFD29003F8BA6 /* Release */ = {
			isa = XCBuildConfiguration;
			buildSettings = {
				ASSETCATALOG_COMPILER_APPICON_NAME = AppIcon;
				CODE_SIGN_STYLE = Automatic;
				INFOPLIST_FILE = "Calculator time/Info.plist";
				LD_RUNPATH_SEARCH_PATHS = (
					"$(inherited)",
					"@executable_path/Frameworks",
				);
				PRODUCT_BUNDLE_IDENTIFIER = "yeah.Calculator-time";
				PRODUCT_NAME = "$(TARGET_NAME)";
				SWIFT_VERSION = 4.0;
				TARGETED_DEVICE_FAMILY = "1,2";
			};
			name = Release;
		};
		3623BE2520EAFD29003F8BA6 /* Debug */ = {
			isa = XCBuildConfiguration;
			buildSettings = {
				ALWAYS_EMBED_SWIFT_STANDARD_LIBRARIES = YES;
				BUNDLE_LOADER = "$(TEST_HOST)";
				CODE_SIGN_STYLE = Automatic;
				INFOPLIST_FILE = "Calculator timeTests/Info.plist";
				LD_RUNPATH_SEARCH_PATHS = (
					"$(inherited)",
					"@executable_path/Frameworks",
					"@loader_path/Frameworks",
				);
				PRODUCT_BUNDLE_IDENTIFIER = "yeah.Calculator-timeTests";
				PRODUCT_NAME = "$(TARGET_NAME)";
				SWIFT_VERSION = 4.0;
				TARGETED_DEVICE_FAMILY = "1,2";
				TEST_HOST = "$(BUILT_PRODUCTS_DIR)/Calculator time.app/Calculator time";
			};
			name = Debug;
		};
		3623BE2620EAFD29003F8BA6 /* Release */ = {
			isa = XCBuildConfiguration;
			buildSettings = {
				ALWAYS_EMBED_SWIFT_STANDARD_LIBRARIES = YES;
				BUNDLE_LOADER = "$(TEST_HOST)";
				CODE_SIGN_STYLE = Automatic;
				INFOPLIST_FILE = "Calculator timeTests/Info.plist";
				LD_RUNPATH_SEARCH_PATHS = (
					"$(inherited)",
					"@executable_path/Frameworks",
					"@loader_path/Frameworks",
				);
				PRODUCT_BUNDLE_IDENTIFIER = "yeah.Calculator-timeTests";
				PRODUCT_NAME = "$(TARGET_NAME)";
				SWIFT_VERSION = 4.0;
				TARGETED_DEVICE_FAMILY = "1,2";
				TEST_HOST = "$(BUILT_PRODUCTS_DIR)/Calculator time.app/Calculator time";
			};
			name = Release;
		};
		3623BE2820EAFD29003F8BA6 /* Debug */ = {
			isa = XCBuildConfiguration;
			buildSettings = {
				ALWAYS_EMBED_SWIFT_STANDARD_LIBRARIES = YES;
				CODE_SIGN_STYLE = Automatic;
				INFOPLIST_FILE = "Calculator timeUITests/Info.plist";
				LD_RUNPATH_SEARCH_PATHS = (
					"$(inherited)",
					"@executable_path/Frameworks",
					"@loader_path/Frameworks",
				);
				PRODUCT_BUNDLE_IDENTIFIER = "yeah.Calculator-timeUITests";
				PRODUCT_NAME = "$(TARGET_NAME)";
				SWIFT_VERSION = 4.0;
				TARGETED_DEVICE_FAMILY = "1,2";
				TEST_TARGET_NAME = "Calculator time";
			};
			name = Debug;
		};
		3623BE2920EAFD29003F8BA6 /* Release */ = {
			isa = XCBuildConfiguration;
			buildSettings = {
				ALWAYS_EMBED_SWIFT_STANDARD_LIBRARIES = YES;
				CODE_SIGN_STYLE = Automatic;
				INFOPLIST_FILE = "Calculator timeUITests/Info.plist";
				LD_RUNPATH_SEARCH_PATHS = (
					"$(inherited)",
					"@executable_path/Frameworks",
					"@loader_path/Frameworks",
				);
				PRODUCT_BUNDLE_IDENTIFIER = "yeah.Calculator-timeUITests";
				PRODUCT_NAME = "$(TARGET_NAME)";
				SWIFT_VERSION = 4.0;
				TARGETED_DEVICE_FAMILY = "1,2";
				TEST_TARGET_NAME = "Calculator time";
			};
			name = Release;
		};
/* End XCBuildConfiguration section */

/* Begin XCConfigurationList section */
		3623BDF420EAFD28003F8BA6 /* Build configuration list for PBXProject "Calculator time" */ = {
			isa = XCConfigurationList;
			buildConfigurations = (
				3623BE1F20EAFD29003F8BA6 /* Debug */,
				3623BE2020EAFD29003F8BA6 /* Release */,
			);
			defaultConfigurationIsVisible = 0;
			defaultConfigurationName = Release;
		};
		3623BE2120EAFD29003F8BA6 /* Build configuration list for PBXNativeTarget "Calculator time" */ = {
			isa = XCConfigurationList;
			buildConfigurations = (
				3623BE2220EAFD29003F8BA6 /* Debug */,
				3623BE2320EAFD29003F8BA6 /* Release */,
			);
			defaultConfigurationIsVisible = 0;
			defaultConfigurationName = Release;
		};
		3623BE2420EAFD29003F8BA6 /* Build configuration list for PBXNativeTarget "Calculator timeTests" */ = {
			isa = XCConfigurationList;
			buildConfigurations = (
				3623BE2520EAFD29003F8BA6 /* Debug */,
				3623BE2620EAFD29003F8BA6 /* Release */,
			);
			defaultConfigurationIsVisible = 0;
			defaultConfigurationName = Release;
		};
		3623BE2720EAFD29003F8BA6 /* Build configuration list for PBXNativeTarget "Calculator timeUITests" */ = {
			isa = XCConfigurationList;
			buildConfigurations = (
				3623BE2820EAFD29003F8BA6 /* Debug */,
				3623BE2920EAFD29003F8BA6 /* Release */,
			);
			defaultConfigurationIsVisible = 0;
			defaultConfigurationName = Release;
		};
/* End XCConfigurationList section */
	};
	rootObject = 3623BDF120EAFD28003F8BA6 /* Project object */;
}
